
Microsoft Visual Studio Solution File, Format Version 12.00
# Visual Studio 15
VisualStudioVersion = 15.0.28307.1972
MinimumVisualStudioVersion = 15.0.26124.0
Project("{2150E333-8FDC-42A3-9474-1A3956D46DE8}") = "src", "src", "{ADE0C589-B3EF-440C-9FD2-39A0DAF4C7C0}"
EndProject
Project("{9A19103F-16F7-4668-BE54-9A1E7A4F7556}") = "Com.Danliris.Service.Packing.Inventory.Application", "src\Com.Danliris.Service.Packing.Inventory.Application\Com.Danliris.Service.Packing.Inventory.Application.csproj", "{BC85D690-84B7-4A59-90CA-ED4DF6BCFC24}"
EndProject
Project("{2150E333-8FDC-42A3-9474-1A3956D46DE8}") = "BuildingBlocks", "BuildingBlocks", "{01E895A7-2D98-4DB0-95C8-245DD8B4DBE9}"
EndProject
Project("{2150E333-8FDC-42A3-9474-1A3956D46DE8}") = "Domains", "Domains", "{4DC53FD7-520F-45ED-9C88-B1BA00588E2B}"
EndProject
Project("{FAE04EC0-301F-11D3-BF4B-00C04F79EFBC}") = "Com.Danliris.Service.Packing.Inventory.Domain", "Com.Danliris.Service.Packing.Inventory.Domain\Com.Danliris.Service.Packing.Inventory.Domain.csproj", "{374DB097-74A9-4769-BD57-E6689205EE0A}"
EndProject
Project("{9A19103F-16F7-4668-BE54-9A1E7A4F7556}") = "Com.Ambassador.Service.Packing.Inventory.WebApi", "src\Com.Ambassador.Service.Packing.Inventory.WebApi\Com.Ambassador.Service.Packing.Inventory.WebApi.csproj", "{FDCB9BA6-8CE4-4AE8-A452-4CC49F6F0EC5}"
EndProject
Project("{9A19103F-16F7-4668-BE54-9A1E7A4F7556}") = "Com.Ambassador.Service.Packing.Inventory.EventBus", "src\BuildingBlocks\Com.Ambassador.Service.Packing.Inventory.EventBus\Com.Ambassador.Service.Packing.Inventory.EventBus.csproj", "{DA0523CE-A440-4195-BF34-4650A0D942A4}"
EndProject
Project("{9A19103F-16F7-4668-BE54-9A1E7A4F7556}") = "Com.Ambassador.Service.Packing.Inventory.EventBusServiceBus", "src\BuildingBlocks\Com.Ambassador.Service.Packing.Inventory.EventBusServiceBus\Com.Ambassador.Service.Packing.Inventory.EventBusServiceBus.csproj", "{BD91A260-7BBB-481D-B47D-FCF6267F9155}"
EndProject
Project("{9A19103F-16F7-4668-BE54-9A1E7A4F7556}") = "Com.Ambassador.Service.Packing.Inventory.Application", "src\Com.Ambassador.Service.Packing.Inventory.Application\Com.Ambassador.Service.Packing.Inventory.Application.csproj", "{F966637C-DDC0-43A1-AB63-512047E91CFF}"
EndProject
Project("{9A19103F-16F7-4668-BE54-9A1E7A4F7556}") = "Com.Ambassador.Service.Packing.Inventory.Data", "src\Com.Ambassador.Service.Packing.Inventory.Data\Com.Ambassador.Service.Packing.Inventory.Data.csproj", "{CEF9A893-0E61-41FD-B186-D0DE44ADE920}"
EndProject
Project("{9A19103F-16F7-4668-BE54-9A1E7A4F7556}") = "Com.Ambassador.Service.Packing.Inventory.Infrastructure", "src\Com.Ambassador.Service.Packing.Inventory.Infrastructure\Com.Ambassador.Service.Packing.Inventory.Infrastructure.csproj", "{10FD9BE8-031C-4A09-B1D2-8C6C4AA8B3C2}"
EndProject
Project("{9A19103F-16F7-4668-BE54-9A1E7A4F7556}") = "Com.Ambassador.Service.Packing.Inventory.Test", "src\ComAmbassador.Service.Packing.Inventory.Test\Com.Ambassador.Service.Packing.Inventory.Test.csproj", "{9BDFA033-2DDE-4DBD-B30B-8B5DB6EAB436}"
EndProject
Global
	GlobalSection(SolutionConfigurationPlatforms) = preSolution
		Debug|Any CPU = Debug|Any CPU
		Debug|x64 = Debug|x64
		Debug|x86 = Debug|x86
		Release|Any CPU = Release|Any CPU
		Release|x64 = Release|x64
		Release|x86 = Release|x86
	EndGlobalSection
	GlobalSection(ProjectConfigurationPlatforms) = postSolution
		{BC85D690-84B7-4A59-90CA-ED4DF6BCFC24}.Debug|Any CPU.ActiveCfg = Debug|Any CPU
		{BC85D690-84B7-4A59-90CA-ED4DF6BCFC24}.Debug|Any CPU.Build.0 = Debug|Any CPU
		{BC85D690-84B7-4A59-90CA-ED4DF6BCFC24}.Debug|x64.ActiveCfg = Debug|Any CPU
		{BC85D690-84B7-4A59-90CA-ED4DF6BCFC24}.Debug|x64.Build.0 = Debug|Any CPU
		{BC85D690-84B7-4A59-90CA-ED4DF6BCFC24}.Debug|x86.ActiveCfg = Debug|Any CPU
		{BC85D690-84B7-4A59-90CA-ED4DF6BCFC24}.Debug|x86.Build.0 = Debug|Any CPU
		{BC85D690-84B7-4A59-90CA-ED4DF6BCFC24}.Release|Any CPU.ActiveCfg = Release|Any CPU
		{BC85D690-84B7-4A59-90CA-ED4DF6BCFC24}.Release|Any CPU.Build.0 = Release|Any CPU
		{BC85D690-84B7-4A59-90CA-ED4DF6BCFC24}.Release|x64.ActiveCfg = Release|Any CPU
		{BC85D690-84B7-4A59-90CA-ED4DF6BCFC24}.Release|x64.Build.0 = Release|Any CPU
		{BC85D690-84B7-4A59-90CA-ED4DF6BCFC24}.Release|x86.ActiveCfg = Release|Any CPU
		{BC85D690-84B7-4A59-90CA-ED4DF6BCFC24}.Release|x86.Build.0 = Release|Any CPU
		{374DB097-74A9-4769-BD57-E6689205EE0A}.Debug|Any CPU.ActiveCfg = Debug|Any CPU
		{374DB097-74A9-4769-BD57-E6689205EE0A}.Debug|Any CPU.Build.0 = Debug|Any CPU
		{374DB097-74A9-4769-BD57-E6689205EE0A}.Debug|x64.ActiveCfg = Debug|Any CPU
		{374DB097-74A9-4769-BD57-E6689205EE0A}.Debug|x64.Build.0 = Debug|Any CPU
		{374DB097-74A9-4769-BD57-E6689205EE0A}.Debug|x86.ActiveCfg = Debug|Any CPU
		{374DB097-74A9-4769-BD57-E6689205EE0A}.Debug|x86.Build.0 = Debug|Any CPU
		{374DB097-74A9-4769-BD57-E6689205EE0A}.Release|Any CPU.ActiveCfg = Release|Any CPU
		{374DB097-74A9-4769-BD57-E6689205EE0A}.Release|Any CPU.Build.0 = Release|Any CPU
		{374DB097-74A9-4769-BD57-E6689205EE0A}.Release|x64.ActiveCfg = Release|Any CPU
		{374DB097-74A9-4769-BD57-E6689205EE0A}.Release|x64.Build.0 = Release|Any CPU
		{374DB097-74A9-4769-BD57-E6689205EE0A}.Release|x86.ActiveCfg = Release|Any CPU
		{374DB097-74A9-4769-BD57-E6689205EE0A}.Release|x86.Build.0 = Release|Any CPU
		{FDCB9BA6-8CE4-4AE8-A452-4CC49F6F0EC5}.Debug|Any CPU.ActiveCfg = Debug|Any CPU
		{FDCB9BA6-8CE4-4AE8-A452-4CC49F6F0EC5}.Debug|Any CPU.Build.0 = Debug|Any CPU
		{FDCB9BA6-8CE4-4AE8-A452-4CC49F6F0EC5}.Debug|x64.ActiveCfg = Debug|Any CPU
		{FDCB9BA6-8CE4-4AE8-A452-4CC49F6F0EC5}.Debug|x64.Build.0 = Debug|Any CPU
		{FDCB9BA6-8CE4-4AE8-A452-4CC49F6F0EC5}.Debug|x86.ActiveCfg = Debug|Any CPU
		{FDCB9BA6-8CE4-4AE8-A452-4CC49F6F0EC5}.Debug|x86.Build.0 = Debug|Any CPU
		{FDCB9BA6-8CE4-4AE8-A452-4CC49F6F0EC5}.Release|Any CPU.ActiveCfg = Release|Any CPU
		{FDCB9BA6-8CE4-4AE8-A452-4CC49F6F0EC5}.Release|Any CPU.Build.0 = Release|Any CPU
		{FDCB9BA6-8CE4-4AE8-A452-4CC49F6F0EC5}.Release|x64.ActiveCfg = Release|Any CPU
		{FDCB9BA6-8CE4-4AE8-A452-4CC49F6F0EC5}.Release|x64.Build.0 = Release|Any CPU
		{FDCB9BA6-8CE4-4AE8-A452-4CC49F6F0EC5}.Release|x86.ActiveCfg = Release|Any CPU
		{FDCB9BA6-8CE4-4AE8-A452-4CC49F6F0EC5}.Release|x86.Build.0 = Release|Any CPU
		{DA0523CE-A440-4195-BF34-4650A0D942A4}.Debug|Any CPU.ActiveCfg = Debug|Any CPU
		{DA0523CE-A440-4195-BF34-4650A0D942A4}.Debug|Any CPU.Build.0 = Debug|Any CPU
		{DA0523CE-A440-4195-BF34-4650A0D942A4}.Debug|x64.ActiveCfg = Debug|Any CPU
		{DA0523CE-A440-4195-BF34-4650A0D942A4}.Debug|x64.Build.0 = Debug|Any CPU
		{DA0523CE-A440-4195-BF34-4650A0D942A4}.Debug|x86.ActiveCfg = Debug|Any CPU
		{DA0523CE-A440-4195-BF34-4650A0D942A4}.Debug|x86.Build.0 = Debug|Any CPU
		{DA0523CE-A440-4195-BF34-4650A0D942A4}.Release|Any CPU.ActiveCfg = Release|Any CPU
		{DA0523CE-A440-4195-BF34-4650A0D942A4}.Release|Any CPU.Build.0 = Release|Any CPU
		{DA0523CE-A440-4195-BF34-4650A0D942A4}.Release|x64.ActiveCfg = Release|Any CPU
		{DA0523CE-A440-4195-BF34-4650A0D942A4}.Release|x64.Build.0 = Release|Any CPU
		{DA0523CE-A440-4195-BF34-4650A0D942A4}.Release|x86.ActiveCfg = Release|Any CPU
		{DA0523CE-A440-4195-BF34-4650A0D942A4}.Release|x86.Build.0 = Release|Any CPU
		{BD91A260-7BBB-481D-B47D-FCF6267F9155}.Debug|Any CPU.ActiveCfg = Debug|Any CPU
		{BD91A260-7BBB-481D-B47D-FCF6267F9155}.Debug|Any CPU.Build.0 = Debug|Any CPU
		{BD91A260-7BBB-481D-B47D-FCF6267F9155}.Debug|x64.ActiveCfg = Debug|Any CPU
		{BD91A260-7BBB-481D-B47D-FCF6267F9155}.Debug|x64.Build.0 = Debug|Any CPU
		{BD91A260-7BBB-481D-B47D-FCF6267F9155}.Debug|x86.ActiveCfg = Debug|Any CPU
		{BD91A260-7BBB-481D-B47D-FCF6267F9155}.Debug|x86.Build.0 = Debug|Any CPU
		{BD91A260-7BBB-481D-B47D-FCF6267F9155}.Release|Any CPU.ActiveCfg = Release|Any CPU
		{BD91A260-7BBB-481D-B47D-FCF6267F9155}.Release|Any CPU.Build.0 = Release|Any CPU
		{BD91A260-7BBB-481D-B47D-FCF6267F9155}.Release|x64.ActiveCfg = Release|Any CPU
		{BD91A260-7BBB-481D-B47D-FCF6267F9155}.Release|x64.Build.0 = Release|Any CPU
		{BD91A260-7BBB-481D-B47D-FCF6267F9155}.Release|x86.ActiveCfg = Release|Any CPU
		{BD91A260-7BBB-481D-B47D-FCF6267F9155}.Release|x86.Build.0 = Release|Any CPU
		{F966637C-DDC0-43A1-AB63-512047E91CFF}.Debug|Any CPU.ActiveCfg = Debug|Any CPU
		{F966637C-DDC0-43A1-AB63-512047E91CFF}.Debug|Any CPU.Build.0 = Debug|Any CPU
		{F966637C-DDC0-43A1-AB63-512047E91CFF}.Debug|x64.ActiveCfg = Debug|Any CPU
		{F966637C-DDC0-43A1-AB63-512047E91CFF}.Debug|x64.Build.0 = Debug|Any CPU
		{F966637C-DDC0-43A1-AB63-512047E91CFF}.Debug|x86.ActiveCfg = Debug|Any CPU
		{F966637C-DDC0-43A1-AB63-512047E91CFF}.Debug|x86.Build.0 = Debug|Any CPU
		{F966637C-DDC0-43A1-AB63-512047E91CFF}.Release|Any CPU.ActiveCfg = Release|Any CPU
		{F966637C-DDC0-43A1-AB63-512047E91CFF}.Release|Any CPU.Build.0 = Release|Any CPU
		{F966637C-DDC0-43A1-AB63-512047E91CFF}.Release|x64.ActiveCfg = Release|Any CPU
		{F966637C-DDC0-43A1-AB63-512047E91CFF}.Release|x64.Build.0 = Release|Any CPU
		{F966637C-DDC0-43A1-AB63-512047E91CFF}.Release|x86.ActiveCfg = Release|Any CPU
		{F966637C-DDC0-43A1-AB63-512047E91CFF}.Release|x86.Build.0 = Release|Any CPU
		{CEF9A893-0E61-41FD-B186-D0DE44ADE920}.Debug|Any CPU.ActiveCfg = Debug|Any CPU
		{CEF9A893-0E61-41FD-B186-D0DE44ADE920}.Debug|Any CPU.Build.0 = Debug|Any CPU
		{CEF9A893-0E61-41FD-B186-D0DE44ADE920}.Debug|x64.ActiveCfg = Debug|Any CPU
		{CEF9A893-0E61-41FD-B186-D0DE44ADE920}.Debug|x64.Build.0 = Debug|Any CPU
		{CEF9A893-0E61-41FD-B186-D0DE44ADE920}.Debug|x86.ActiveCfg = Debug|Any CPU
		{CEF9A893-0E61-41FD-B186-D0DE44ADE920}.Debug|x86.Build.0 = Debug|Any CPU
		{CEF9A893-0E61-41FD-B186-D0DE44ADE920}.Release|Any CPU.ActiveCfg = Release|Any CPU
		{CEF9A893-0E61-41FD-B186-D0DE44ADE920}.Release|Any CPU.Build.0 = Release|Any CPU
		{CEF9A893-0E61-41FD-B186-D0DE44ADE920}.Release|x64.ActiveCfg = Release|Any CPU
		{CEF9A893-0E61-41FD-B186-D0DE44ADE920}.Release|x64.Build.0 = Release|Any CPU
		{CEF9A893-0E61-41FD-B186-D0DE44ADE920}.Release|x86.ActiveCfg = Release|Any CPU
		{CEF9A893-0E61-41FD-B186-D0DE44ADE920}.Release|x86.Build.0 = Release|Any CPU
		{10FD9BE8-031C-4A09-B1D2-8C6C4AA8B3C2}.Debug|Any CPU.ActiveCfg = Debug|Any CPU
		{10FD9BE8-031C-4A09-B1D2-8C6C4AA8B3C2}.Debug|Any CPU.Build.0 = Debug|Any CPU
		{10FD9BE8-031C-4A09-B1D2-8C6C4AA8B3C2}.Debug|x64.ActiveCfg = Debug|Any CPU
		{10FD9BE8-031C-4A09-B1D2-8C6C4AA8B3C2}.Debug|x64.Build.0 = Debug|Any CPU
		{10FD9BE8-031C-4A09-B1D2-8C6C4AA8B3C2}.Debug|x86.ActiveCfg = Debug|Any CPU
		{10FD9BE8-031C-4A09-B1D2-8C6C4AA8B3C2}.Debug|x86.Build.0 = Debug|Any CPU
		{10FD9BE8-031C-4A09-B1D2-8C6C4AA8B3C2}.Release|Any CPU.ActiveCfg = Release|Any CPU
		{10FD9BE8-031C-4A09-B1D2-8C6C4AA8B3C2}.Release|Any CPU.Build.0 = Release|Any CPU
		{10FD9BE8-031C-4A09-B1D2-8C6C4AA8B3C2}.Release|x64.ActiveCfg = Release|Any CPU
		{10FD9BE8-031C-4A09-B1D2-8C6C4AA8B3C2}.Release|x64.Build.0 = Release|Any CPU
		{10FD9BE8-031C-4A09-B1D2-8C6C4AA8B3C2}.Release|x86.ActiveCfg = Release|Any CPU
		{10FD9BE8-031C-4A09-B1D2-8C6C4AA8B3C2}.Release|x86.Build.0 = Release|Any CPU
		{9BDFA033-2DDE-4DBD-B30B-8B5DB6EAB436}.Debug|Any CPU.ActiveCfg = Debug|Any CPU
		{9BDFA033-2DDE-4DBD-B30B-8B5DB6EAB436}.Debug|Any CPU.Build.0 = Debug|Any CPU
		{9BDFA033-2DDE-4DBD-B30B-8B5DB6EAB436}.Debug|x64.ActiveCfg = Debug|Any CPU
		{9BDFA033-2DDE-4DBD-B30B-8B5DB6EAB436}.Debug|x64.Build.0 = Debug|Any CPU
		{9BDFA033-2DDE-4DBD-B30B-8B5DB6EAB436}.Debug|x86.ActiveCfg = Debug|Any CPU
		{9BDFA033-2DDE-4DBD-B30B-8B5DB6EAB436}.Debug|x86.Build.0 = Debug|Any CPU
		{9BDFA033-2DDE-4DBD-B30B-8B5DB6EAB436}.Release|Any CPU.ActiveCfg = Release|Any CPU
		{9BDFA033-2DDE-4DBD-B30B-8B5DB6EAB436}.Release|Any CPU.Build.0 = Release|Any CPU
		{9BDFA033-2DDE-4DBD-B30B-8B5DB6EAB436}.Release|x64.ActiveCfg = Release|Any CPU
		{9BDFA033-2DDE-4DBD-B30B-8B5DB6EAB436}.Release|x64.Build.0 = Release|Any CPU
		{9BDFA033-2DDE-4DBD-B30B-8B5DB6EAB436}.Release|x86.ActiveCfg = Release|Any CPU
		{9BDFA033-2DDE-4DBD-B30B-8B5DB6EAB436}.Release|x86.Build.0 = Release|Any CPU
	EndGlobalSection
	GlobalSection(SolutionProperties) = preSolution
		HideSolutionNode = FALSE
	EndGlobalSection
	GlobalSection(NestedProjects) = preSolution
		{BC85D690-84B7-4A59-90CA-ED4DF6BCFC24} = {ADE0C589-B3EF-440C-9FD2-39A0DAF4C7C0}
		{01E895A7-2D98-4DB0-95C8-245DD8B4DBE9} = {ADE0C589-B3EF-440C-9FD2-39A0DAF4C7C0}
		{4DC53FD7-520F-45ED-9C88-B1BA00588E2B} = {ADE0C589-B3EF-440C-9FD2-39A0DAF4C7C0}
		{374DB097-74A9-4769-BD57-E6689205EE0A} = {4DC53FD7-520F-45ED-9C88-B1BA00588E2B}
		{FDCB9BA6-8CE4-4AE8-A452-4CC49F6F0EC5} = {ADE0C589-B3EF-440C-9FD2-39A0DAF4C7C0}
		{DA0523CE-A440-4195-BF34-4650A0D942A4} = {01E895A7-2D98-4DB0-95C8-245DD8B4DBE9}
		{BD91A260-7BBB-481D-B47D-FCF6267F9155} = {01E895A7-2D98-4DB0-95C8-245DD8B4DBE9}
		{F966637C-DDC0-43A1-AB63-512047E91CFF} = {ADE0C589-B3EF-440C-9FD2-39A0DAF4C7C0}
		{CEF9A893-0E61-41FD-B186-D0DE44ADE920} = {ADE0C589-B3EF-440C-9FD2-39A0DAF4C7C0}
		{10FD9BE8-031C-4A09-B1D2-8C6C4AA8B3C2} = {ADE0C589-B3EF-440C-9FD2-39A0DAF4C7C0}
		{9BDFA033-2DDE-4DBD-B30B-8B5DB6EAB436} = {ADE0C589-B3EF-440C-9FD2-39A0DAF4C7C0}
	EndGlobalSection
	GlobalSection(ExtensibilityGlobals) = postSolution
		SolutionGuid = {CCE01A91-D2AC-4F60-89E5-1DAB4B983F8E}
	EndGlobalSection
EndGlobal
